
Microsoft Visual Studio Solution File, Format Version 12.00
# Visual Studio 15
VisualStudioVersion = 15.0.26730.16
MinimumVisualStudioVersion = 10.0.40219.1
Project("{FAE04EC0-301F-11D3-BF4B-00C04F79EFBC}") = "NacSiteF", "NacSiteF\NacSiteF.csproj", "{ED7B7B55-7DA1-4CF6-AE73-2F34A2827EB6}"
EndProject
Global
	GlobalSection(SolutionConfigurationPlatforms) = preSolution
		Debug|Any CPU = Debug|Any CPU
		Release|Any CPU = Release|Any CPU
	EndGlobalSection
	GlobalSection(ProjectConfigurationPlatforms) = postSolution
		{ED7B7B55-7DA1-4CF6-AE73-2F34A2827EB6}.Debug|Any CPU.ActiveCfg = Debug|Any CPU
		{ED7B7B55-7DA1-4CF6-AE73-2F34A2827EB6}.Debug|Any CPU.Build.0 = Debug|Any CPU
		{ED7B7B55-7DA1-4CF6-AE73-2F34A2827EB6}.Release|Any CPU.ActiveCfg = Release|Any CPU
		{ED7B7B55-7DA1-4CF6-AE73-2F34A2827EB6}.Release|Any CPU.Build.0 = Release|Any CPU
	EndGlobalSection
	GlobalSection(SolutionProperties) = preSolution
		HideSolutionNode = FALSE
	EndGlobalSection
	GlobalSection(ExtensibilityGlobals) = postSolution
		SolutionGuid = {FB42C70F-6249-4C83-9E3B-FF7736AB58F0}
	EndGlobalSection
EndGlobal
